<?xml version="1.0" encoding="utf-8"?>
<Project ToolsVersion="4.0" xmlns="http://schemas.microsoft.com/developer/msbuild/2003">
  <ItemGroup>
    <FxCompile Include="Resources\shaders\BasicPS.hlsl" />
    <FxCompile Include="Resources\shaders\BasicVS.hlsl" />
    <FxCompile Include="Resources\shaders\FBXPS.hlsl" />
    <FxCompile Include="Resources\shaders\FBXVS.hlsl" />
    <FxCompile Include="Resources\shaders\ObjPS.hlsl" />
    <FxCompile Include="Resources\shaders\ObjVS.hlsl" />
    <FxCompile Include="Resources\shaders\PhongPS.hlsl" />
    <FxCompile Include="Resources\shaders\PostEffectPS.hlsl" />
    <FxCompile Include="Resources\shaders\PostEffectVS.hlsl" />
    <FxCompile Include="Resources\shaders\RenderTexturePS.hlsl" />
    <FxCompile Include="Resources\shaders\RenderTextureVS.hlsl" />
    <FxCompile Include="Resources\shaders\SpritePS.hlsl" />
    <FxCompile Include="Resources\shaders\SpriteVS.hlsl" />
    <FxCompile Include="Resources\shaders\ParticleGS.hlsl" />
    <FxCompile Include="Resources\shaders\ParticlePS.hlsl" />
    <FxCompile Include="Resources\shaders\ParticleVS.hlsl" />
  </ItemGroup>
  <ItemGroup>
    <ClCompile Include="2D\PostEffect.cpp" />
    <ClCompile Include="2D\RenderTexture.cpp" />
    <ClCompile Include="2D\Sprite.cpp" />
    <ClCompile Include="2D\SpriteCommon.cpp" />
    <ClCompile Include="2D\Text.cpp" />
    <ClCompile Include="3D\FBXLoader.cpp" />
    <ClCompile Include="GameObject\StageObject.cpp" />
    <ClCompile Include="3D\ModelFBX.cpp" />
    <ClCompile Include="3D\ObjectFBX.cpp" />
    <ClCompile Include="3D\Material.cpp" />
    <ClCompile Include="3D\Mesh.cpp" />
    <ClCompile Include="3D\ModelOBJ.cpp" />
    <ClCompile Include="3D\ObjectOBJ.cpp" />
    <ClCompile Include="Audio\Audio.cpp" />
    <ClCompile Include="Base\DirectXCommon.cpp" />
    <ClCompile Include="Base\WinApp.cpp" />
    <ClCompile Include="Camera\Camera.cpp" />
    <ClCompile Include="Collision\Collision.cpp" />
    <ClCompile Include="Collision\CollisionManager.cpp" />
    <ClCompile Include="Collision\CollisionPrimitive.cpp" />
    <ClCompile Include="Collision\MeshCollider.cpp" />
    <ClCompile Include="Collision\SphereCollider.cpp" />
    <ClCompile Include="GameObject\TouchableObject.cpp" />
    <ClCompile Include="GameObject\Enemy.cpp" />
    <ClCompile Include="GameObject\Player.cpp" />
    <ClCompile Include="Input\Input.cpp" />
    <ClCompile Include="main.cpp" />
    <ClCompile Include="Scene\PostEffectScene.cpp" />
    <ClCompile Include="Scene\SceneInGame.cpp" />
    <ClCompile Include="Scene\SceneBase.cpp" />
    <ClCompile Include="Scene\SceneManager.cpp" />
    <ClCompile Include="Scene\SceneStageEdit.cpp" />
    <ClCompile Include="Scene\SceneTitle.cpp" />
    <ClCompile Include="GameObject\Weapon.cpp" />
    <ClCompile Include="UI\Button.cpp" />
    <ClCompile Include="UI\Number.cpp" />
    <ClCompile Include="Scene\GameManager.cpp" />
    <ClCompile Include="UI\Meter.cpp" />
    <ClCompile Include="GameObject\Sensor.cpp" />
    <ClCompile Include="GameObject\Bullet.cpp" />
    <ClCompile Include="UI\PlaneCursor.cpp" />
    <ClCompile Include="3D\ParticleManager.cpp" />
    <ClCompile Include="3D\ParticleEmitter.cpp" />
    <ClCompile Include="GameObject\BulletManager.cpp" />
    <ClCompile Include="3D\ObjectNone.cpp" />
    <ClCompile Include="Math\Interpolate.cpp" />
    <ClCompile Include="3D\Trail.cpp" />
  </ItemGroup>
  <ItemGroup>
    <ClInclude Include="2D\PostEffect.h" />
    <ClInclude Include="2D\RenderTexture.h" />
    <ClInclude Include="2D\Sprite.h" />
    <ClInclude Include="2D\SpriteCommon.h" />
    <ClInclude Include="2D\Text.h" />
    <ClInclude Include="3D\FBXLoader.h" />
    <ClInclude Include="GameObject\StageObject.h" />
    <ClInclude Include="3D\ModelFBX.h" />
    <ClInclude Include="3D\ObjectFBX.h" />
    <ClInclude Include="3D\Material.h" />
    <ClInclude Include="3D\Mesh.h" />
    <ClInclude Include="3D\ModelOBJ.h" />
    <ClInclude Include="3D\ObjectOBJ.h" />
    <ClInclude Include="Audio\Audio.h" />
    <ClInclude Include="Base\DirectXCommon.h" />
    <ClInclude Include="Base\PipelineSet.h" />
    <ClInclude Include="Base\WinApp.h" />
    <ClInclude Include="Camera\Camera.h" />
    <ClInclude Include="Collision\BaseCollider.h" />
    <ClInclude Include="Collision\Collision.h" />
    <ClInclude Include="Collision\CollisionAttribute.h" />
    <ClInclude Include="Collision\CollisionInfo.h" />
    <ClInclude Include="Collision\CollisionManager.h" />
    <ClInclude Include="Collision\CollisionPrimitive.h" />
    <ClInclude Include="Collision\CollisionTypes.h" />
    <ClInclude Include="Collision\MeshCollider.h" />
    <ClInclude Include="Collision\RaycastHit.h" />
    <ClInclude Include="Collision\SphereCollider.h" />
    <ClInclude Include="GameObject\TouchableObject.h" />
    <ClInclude Include="GameObject\Enemy.h" />
    <ClInclude Include="GameObject\Player.h" />
    <ClInclude Include="Input\Input.h" />
    <ClInclude Include="Scene\PostEffectScene.h" />
    <ClInclude Include="Scene\SceneBase.h" />
    <ClInclude Include="Scene\SceneInGame.h" />
    <ClInclude Include="Scene\SceneManager.h" />
    <ClInclude Include="Scene\SceneStageEdit.h" />
    <ClInclude Include="Scene\SceneTitle.h" />
    <ClInclude Include="GameObject\Weapon.h" />
    <ClInclude Include="UI\Button.h" />
    <ClInclude Include="UI\Number.h" />
    <ClInclude Include="Scene\GameManager.h" />
    <ClInclude Include="UI\Meter.h" />
    <ClInclude Include="GameObject\Sensor.h" />
    <ClInclude Include="GameObject\Bullet.h" />
    <ClInclude Include="UI\PlaneCursor.h" />
    <ClInclude Include="3D\ParticleManager.h" />
    <ClInclude Include="3D\ParticleEmitter.h" />
    <ClInclude Include="GameObject\BulletManager.h" />
    <ClInclude Include="3D\ObjectNone.h" />
    <ClInclude Include="Math\Interpolate.h" />
    <ClInclude Include="Math\Easing.h" />
    <ClInclude Include="Collision\QueryCallback.h" />
    <ClInclude Include="3D\Trail.h" />
  </ItemGroup>
  <ItemGroup>
    <None Include="Resources\shaders\Basic.hlsli" />
    <None Include="Resources\shaders\FBX.hlsli" />
    <None Include="Resources\shaders\Obj.hlsli" />
    <None Include="Resources\shaders\PostEffect.hlsli" />
    <None Include="Resources\shaders\RenderTexture.hlsli" />
    <None Include="Resources\shaders\Sprite.hlsli" />
    <None Include="Resources\shaders\Particle.hlsli" />
  </ItemGroup>
  <ItemGroup>
    <Image Include="..\..\Picture2\256x256Blue.png" />
    <Image Include="..\..\Picture2\256x256Green.png" />
    <Image Include="..\..\Picture2\256x256Red.png" />
  </ItemGroup>
</Project>